// !$*UTF8*$!
{
	archiveVersion = 1;
	classes = {
	};
	objectVersion = 51;
	objects = {

/* Begin PBXBuildFile section */
		2E67F5DD6E09F88198A13808 /* Pods_WhereU_.framework in Frameworks */ = {isa = PBXBuildFile; fileRef = AA0C61DCD0DA3864ED7A8E41 /* Pods_WhereU_.framework */; };
		A53973A3276BA65300B2D1E2 /* SignUpController.swift in Sources */ = {isa = PBXBuildFile; fileRef = A53973A2276BA65300B2D1E2 /* SignUpController.swift */; };
		A53973AB276BAB0600B2D1E2 /* GoogleService-Info.plist in Resources */ = {isa = PBXBuildFile; fileRef = A53973AA276BAB0600B2D1E2 /* GoogleService-Info.plist */; };
		A53973AE276BABE600B2D1E2 /* HomeController.swift in Sources */ = {isa = PBXBuildFile; fileRef = A53973AD276BABE600B2D1E2 /* HomeController.swift */; };
		A55A853A275AB44000619D78 /* AppDelegate.swift in Sources */ = {isa = PBXBuildFile; fileRef = A55A8539275AB44000619D78 /* AppDelegate.swift */; };
		A55A853C275AB44000619D78 /* SceneDelegate.swift in Sources */ = {isa = PBXBuildFile; fileRef = A55A853B275AB44000619D78 /* SceneDelegate.swift */; };
		A55A853E275AB44000619D78 /* LogInController.swift in Sources */ = {isa = PBXBuildFile; fileRef = A55A853D275AB44000619D78 /* LogInController.swift */; };
		A55A8541275AB44000619D78 /* Main.storyboard in Resources */ = {isa = PBXBuildFile; fileRef = A55A853F275AB44000619D78 /* Main.storyboard */; };
		A55A8543275AB44100619D78 /* Assets.xcassets in Resources */ = {isa = PBXBuildFile; fileRef = A55A8542275AB44100619D78 /* Assets.xcassets */; };
		A55A8546275AB44100619D78 /* LaunchScreen.storyboard in Resources */ = {isa = PBXBuildFile; fileRef = A55A8544275AB44100619D78 /* LaunchScreen.storyboard */; };
		A55A8550275AB51200619D78 /* SD Layout.swift in Sources */ = {isa = PBXBuildFile; fileRef = A55A854F275AB51200619D78 /* SD Layout.swift */; };
/* End PBXBuildFile section */

/* Begin PBXFileReference section */
		1CF14F7BE8D5453DD77B6A4C /* Pods-WhereU..release.xcconfig */ = {isa = PBXFileReference; includeInIndex = 1; lastKnownFileType = text.xcconfig; name = "Pods-WhereU..release.xcconfig"; path = "Target Support Files/Pods-WhereU./Pods-WhereU..release.xcconfig"; sourceTree = "<group>"; };
		58165ABA805FD4B28C2EC26D /* Pods-WhereU..debug.xcconfig */ = {isa = PBXFileReference; includeInIndex = 1; lastKnownFileType = text.xcconfig; name = "Pods-WhereU..debug.xcconfig"; path = "Target Support Files/Pods-WhereU./Pods-WhereU..debug.xcconfig"; sourceTree = "<group>"; };
		A53973A2276BA65300B2D1E2 /* SignUpController.swift */ = {isa = PBXFileReference; lastKnownFileType = sourcecode.swift; path = SignUpController.swift; sourceTree = "<group>"; };
		A53973AA276BAB0600B2D1E2 /* GoogleService-Info.plist */ = {isa = PBXFileReference; fileEncoding = 4; lastKnownFileType = text.plist.xml; path = "GoogleService-Info.plist"; sourceTree = "<group>"; };
		A53973AD276BABE600B2D1E2 /* HomeController.swift */ = {isa = PBXFileReference; lastKnownFileType = sourcecode.swift; path = HomeController.swift; sourceTree = "<group>"; };
		A55A8536275AB44000619D78 /* WhereU..app */ = {isa = PBXFileReference; explicitFileType = wrapper.application; includeInIndex = 0; path = WhereU..app; sourceTree = BUILT_PRODUCTS_DIR; };
		A55A8539275AB44000619D78 /* AppDelegate.swift */ = {isa = PBXFileReference; lastKnownFileType = sourcecode.swift; path = AppDelegate.swift; sourceTree = "<group>"; };
		A55A853B275AB44000619D78 /* SceneDelegate.swift */ = {isa = PBXFileReference; lastKnownFileType = sourcecode.swift; path = SceneDelegate.swift; sourceTree = "<group>"; };
		A55A853D275AB44000619D78 /* LogInController.swift */ = {isa = PBXFileReference; lastKnownFileType = sourcecode.swift; path = LogInController.swift; sourceTree = "<group>"; };
		A55A8540275AB44000619D78 /* Base */ = {isa = PBXFileReference; lastKnownFileType = file.storyboard; name = Base; path = Base.lproj/Main.storyboard; sourceTree = "<group>"; };
		A55A8542275AB44100619D78 /* Assets.xcassets */ = {isa = PBXFileReference; lastKnownFileType = folder.assetcatalog; path = Assets.xcassets; sourceTree = "<group>"; };
		A55A8545275AB44100619D78 /* Base */ = {isa = PBXFileReference; lastKnownFileType = file.storyboard; name = Base; path = Base.lproj/LaunchScreen.storyboard; sourceTree = "<group>"; };
		A55A8547275AB44100619D78 /* Info.plist */ = {isa = PBXFileReference; lastKnownFileType = text.plist.xml; path = Info.plist; sourceTree = "<group>"; };
		A55A854F275AB51200619D78 /* SD Layout.swift */ = {isa = PBXFileReference; fileEncoding = 4; lastKnownFileType = sourcecode.swift; path = "SD Layout.swift"; sourceTree = "<group>"; };
		AA0C61DCD0DA3864ED7A8E41 /* Pods_WhereU_.framework */ = {isa = PBXFileReference; explicitFileType = wrapper.framework; includeInIndex = 0; path = Pods_WhereU_.framework; sourceTree = BUILT_PRODUCTS_DIR; };
/* End PBXFileReference section */

/* Begin PBXFrameworksBuildPhase section */
		A55A8533275AB44000619D78 /* Frameworks */ = {
			isa = PBXFrameworksBuildPhase;
			buildActionMask = 2147483647;
			files = (
				2E67F5DD6E09F88198A13808 /* Pods_WhereU_.framework in Frameworks */,
			);
			runOnlyForDeploymentPostprocessing = 0;
		};
/* End PBXFrameworksBuildPhase section */

/* Begin PBXGroup section */
		7D8A5AB4F6D4CE0F41A0587B /* Pods */ = {
			isa = PBXGroup;
			children = (
				58165ABA805FD4B28C2EC26D /* Pods-WhereU..debug.xcconfig */,
				1CF14F7BE8D5453DD77B6A4C /* Pods-WhereU..release.xcconfig */,
			);
			path = Pods;
			sourceTree = "<group>";
		};
		81A10A4AA7E56ADDF9ADDEC8 /* Frameworks */ = {
			isa = PBXGroup;
			children = (
				AA0C61DCD0DA3864ED7A8E41 /* Pods_WhereU_.framework */,
			);
			name = Frameworks;
			sourceTree = "<group>";
		};
		A53973A4276BA74900B2D1E2 /* LogIn */ = {
			isa = PBXGroup;
			children = (
				A55A853D275AB44000619D78 /* LogInController.swift */,
				A53973A2276BA65300B2D1E2 /* SignUpController.swift */,
			);
			path = LogIn;
			sourceTree = "<group>";
		};
		A53973A5276BA77700B2D1E2 /* Extension */ = {
			isa = PBXGroup;
			children = (
				A55A854F275AB51200619D78 /* SD Layout.swift */,
			);
			path = Extension;
			sourceTree = "<group>";
		};
		A53973AC276BABDC00B2D1E2 /* Home */ = {
			isa = PBXGroup;
			children = (
				A53973AD276BABE600B2D1E2 /* HomeController.swift */,
			);
			path = Home;
			sourceTree = "<group>";
		};
		A55A852D275AB44000619D78 = {
			isa = PBXGroup;
			children = (
				A55A8538275AB44000619D78 /* WhereU. */,
				A55A8537275AB44000619D78 /* Products */,
				7D8A5AB4F6D4CE0F41A0587B /* Pods */,
				81A10A4AA7E56ADDF9ADDEC8 /* Frameworks */,
			);
			sourceTree = "<group>";
		};
		A55A8537275AB44000619D78 /* Products */ = {
			isa = PBXGroup;
			children = (
				A55A8536275AB44000619D78 /* WhereU..app */,
			);
			name = Products;
			sourceTree = "<group>";
		};
		A55A8538275AB44000619D78 /* WhereU. */ = {
			isa = PBXGroup;
			children = (
				A53973AC276BABDC00B2D1E2 /* Home */,
				A53973A4276BA74900B2D1E2 /* LogIn */,
				A53973A5276BA77700B2D1E2 /* Extension */,
				A55A8542275AB44100619D78 /* Assets.xcassets */,
				A55A8547275AB44100619D78 /* Info.plist */,
				A55A8539275AB44000619D78 /* AppDelegate.swift */,
				A55A853B275AB44000619D78 /* SceneDelegate.swift */,
				A55A8544275AB44100619D78 /* LaunchScreen.storyboard */,
				A55A853F275AB44000619D78 /* Main.storyboard */,
				A53973AA276BAB0600B2D1E2 /* GoogleService-Info.plist */,
			);
			path = WhereU.;
			sourceTree = "<group>";
		};
/* End PBXGroup section */

/* Begin PBXNativeTarget section */
		A55A8535275AB44000619D78 /* WhereU. */ = {
			isa = PBXNativeTarget;
			buildConfigurationList = A55A854A275AB44100619D78 /* Build configuration list for PBXNativeTarget "WhereU." */;
			buildPhases = (
				A3766424F1081752619FC178 /* [CP] Check Pods Manifest.lock */,
				A55A8532275AB44000619D78 /* Sources */,
				A55A8533275AB44000619D78 /* Frameworks */,
				A55A8534275AB44000619D78 /* Resources */,
				023AE4CC877804056CAFF453 /* [CP] Embed Pods Frameworks */,
			);
			buildRules = (
			);
			dependencies = (
			);
			name = WhereU.;
			productName = WhereU.;
			productReference = A55A8536275AB44000619D78 /* WhereU..app */;
			productType = "com.apple.product-type.application";
		};
/* End PBXNativeTarget section */

/* Begin PBXProject section */
		A55A852E275AB44000619D78 /* Project object */ = {
			isa = PBXProject;
			attributes = {
				LastSwiftUpdateCheck = 1240;
				LastUpgradeCheck = 1240;
				TargetAttributes = {
					A55A8535275AB44000619D78 = {
						CreatedOnToolsVersion = 12.4;
					};
				};
			};
			buildConfigurationList = A55A8531275AB44000619D78 /* Build configuration list for PBXProject "WhereU." */;
			compatibilityVersion = "Xcode 9.3";
			developmentRegion = en;
			hasScannedForEncodings = 0;
			knownRegions = (
				en,
				Base,
			);
			mainGroup = A55A852D275AB44000619D78;
			productRefGroup = A55A8537275AB44000619D78 /* Products */;
			projectDirPath = "";
			projectRoot = "";
			targets = (
				A55A8535275AB44000619D78 /* WhereU. */,
			);
		};
/* End PBXProject section */

/* Begin PBXResourcesBuildPhase section */
		A55A8534275AB44000619D78 /* Resources */ = {
			isa = PBXResourcesBuildPhase;
			buildActionMask = 2147483647;
			files = (
				A55A8546275AB44100619D78 /* LaunchScreen.storyboard in Resources */,
				A53973AB276BAB0600B2D1E2 /* GoogleService-Info.plist in Resources */,
				A55A8543275AB44100619D78 /* Assets.xcassets in Resources */,
				A55A8541275AB44000619D78 /* Main.storyboard in Resources */,
			);
			runOnlyForDeploymentPostprocessing = 0;
		};
/* End PBXResourcesBuildPhase section */

/* Begin PBXShellScriptBuildPhase section */
		023AE4CC877804056CAFF453 /* [CP] Embed Pods Frameworks */ = {
			isa = PBXShellScriptBuildPhase;
			buildActionMask = 2147483647;
			files = (
			);
			inputFileListPaths = (
				"${PODS_ROOT}/Target Support Files/Pods-WhereU./Pods-WhereU.-frameworks-${CONFIGURATION}-input-files.xcfilelist",
			);
			name = "[CP] Embed Pods Frameworks";
			outputFileListPaths = (
				"${PODS_ROOT}/Target Support Files/Pods-WhereU./Pods-WhereU.-frameworks-${CONFIGURATION}-output-files.xcfilelist",
			);
			runOnlyForDeploymentPostprocessing = 0;
			shellPath = /bin/sh;
			shellScript = "\"${PODS_ROOT}/Target Support Files/Pods-WhereU./Pods-WhereU.-frameworks.sh\"\n";
			showEnvVarsInLog = 0;
		};
		A3766424F1081752619FC178 /* [CP] Check Pods Manifest.lock */ = {
			isa = PBXShellScriptBuildPhase;
			buildActionMask = 2147483647;
			files = (
			);
			inputFileListPaths = (
			);
			inputPaths = (
				"${PODS_PODFILE_DIR_PATH}/Podfile.lock",
				"${PODS_ROOT}/Manifest.lock",
			);
			name = "[CP] Check Pods Manifest.lock";
			outputFileListPaths = (
			);
			outputPaths = (
				"$(DERIVED_FILE_DIR)/Pods-WhereU.-checkManifestLockResult.txt",
			);
			runOnlyForDeploymentPostprocessing = 0;
			shellPath = /bin/sh;
			shellScript = "diff \"${PODS_PODFILE_DIR_PATH}/Podfile.lock\" \"${PODS_ROOT}/Manifest.lock\" > /dev/null\nif [ $? != 0 ] ; then\n    # print error to STDERR\n    echo \"error: The sandbox is not in sync with the Podfile.lock. Run 'pod install' or update your CocoaPods installation.\" >&2\n    exit 1\nfi\n# This output is used by Xcode 'outputs' to avoid re-running this script phase.\necho \"SUCCESS\" > \"${SCRIPT_OUTPUT_FILE_0}\"\n";
			showEnvVarsInLog = 0;
		};
/* End PBXShellScriptBuildPhase section */

/* Begin PBXSourcesBuildPhase section */
		A55A8532275AB44000619D78 /* Sources */ = {
			isa = PBXSourcesBuildPhase;
			buildActionMask = 2147483647;
			files = (
				A53973A3276BA65300B2D1E2 /* SignUpController.swift in Sources */,
				A55A853E275AB44000619D78 /* LogInController.swift in Sources */,
				A53973AE276BABE600B2D1E2 /* HomeController.swift in Sources */,
				A55A853A275AB44000619D78 /* AppDelegate.swift in Sources */,
				A55A853C275AB44000619D78 /* SceneDelegate.swift in Sources */,
				A55A8550275AB51200619D78 /* SD Layout.swift in Sources */,
			);
			runOnlyForDeploymentPostprocessing = 0;
		};
/* End PBXSourcesBuildPhase section */

/* Begin PBXVariantGroup section */
		A55A853F275AB44000619D78 /* Main.storyboard */ = {
			isa = PBXVariantGroup;
			children = (
				A55A8540275AB44000619D78 /* Base */,
			);
			name = Main.storyboard;
			sourceTree = "<group>";
		};
		A55A8544275AB44100619D78 /* LaunchScreen.storyboard */ = {
			isa = PBXVariantGroup;
			children = (
				A55A8545275AB44100619D78 /* Base */,
			);
			name = LaunchScreen.storyboard;
			sourceTree = "<group>";
		};
/* End PBXVariantGroup section */

/* Begin XCBuildConfiguration section */
		A55A8548275AB44100619D78 /* Debug */ = {
			isa = XCBuildConfiguration;
			buildSettings = {
				ALWAYS_SEARCH_USER_PATHS = NO;
				CLANG_ANALYZER_NONNULL = YES;
				CLANG_ANALYZER_NUMBER_OBJECT_CONVERSION = YES_AGGRESSIVE;
				CLANG_CXX_LANGUAGE_STANDARD = "gnu++14";
				CLANG_CXX_LIBRARY = "libc++";
				CLANG_ENABLE_MODULES = YES;
				CLANG_ENABLE_OBJC_ARC = YES;
				CLANG_ENABLE_OBJC_WEAK = YES;
				CLANG_WARN_BLOCK_CAPTURE_AUTORELEASING = YES;
				CLANG_WARN_BOOL_CONVERSION = YES;
				CLANG_WARN_COMMA = YES;
				CLANG_WARN_CONSTANT_CONVERSION = YES;
				CLANG_WARN_DEPRECATED_OBJC_IMPLEMENTATIONS = YES;
				CLANG_WARN_DIRECT_OBJC_ISA_USAGE = YES_ERROR;
				CLANG_WARN_DOCUMENTATION_COMMENTS = YES;
				CLANG_WARN_EMPTY_BODY = YES;
				CLANG_WARN_ENUM_CONVERSION = YES;
				CLANG_WARN_INFINITE_RECURSION = YES;
				CLANG_WARN_INT_CONVERSION = YES;
				CLANG_WARN_NON_LITERAL_NULL_CONVERSION = YES;
				CLANG_WARN_OBJC_IMPLICIT_RETAIN_SELF = YES;
				CLANG_WARN_OBJC_LITERAL_CONVERSION = YES;
				CLANG_WARN_OBJC_ROOT_CLASS = YES_ERROR;
				CLANG_WARN_QUOTED_INCLUDE_IN_FRAMEWORK_HEADER = YES;
				CLANG_WARN_RANGE_LOOP_ANALYSIS = YES;
				CLANG_WARN_STRICT_PROTOTYPES = YES;
				CLANG_WARN_SUSPICIOUS_MOVE = YES;
				CLANG_WARN_UNGUARDED_AVAILABILITY = YES_AGGRESSIVE;
				CLANG_WARN_UNREACHABLE_CODE = YES;
				CLANG_WARN__DUPLICATE_METHOD_MATCH = YES;
				COPY_PHASE_STRIP = NO;
				DEBUG_INFORMATION_FORMAT = dwarf;
				ENABLE_STRICT_OBJC_MSGSEND = YES;
				ENABLE_TESTABILITY = YES;
				GCC_C_LANGUAGE_STANDARD = gnu11;
				GCC_DYNAMIC_NO_PIC = NO;
				GCC_NO_COMMON_BLOCKS = YES;
				GCC_OPTIMIZATION_LEVEL = 0;
				GCC_PREPROCESSOR_DEFINITIONS = (
					"DEBUG=1",
					"$(inherited)",
				);
				GCC_WARN_64_TO_32_BIT_CONVERSION = YES;
				GCC_WARN_ABOUT_RETURN_TYPE = YES_ERROR;
				GCC_WARN_UNDECLARED_SELECTOR = YES;
				GCC_WARN_UNINITIALIZED_AUTOS = YES_AGGRESSIVE;
				GCC_WARN_UNUSED_FUNCTION = YES;
				GCC_WARN_UNUSED_VARIABLE = YES;
				IPHONEOS_DEPLOYMENT_TARGET = 14.4;
				MTL_ENABLE_DEBUG_INFO = INCLUDE_SOURCE;
				MTL_FAST_MATH = YES;
				ONLY_ACTIVE_ARCH = YES;
				SDKROOT = iphoneos;
				SWIFT_ACTIVE_COMPILATION_CONDITIONS = DEBUG;
				SWIFT_OPTIMIZATION_LEVEL = "-Onone";
			};
			name = Debug;
		};
		A55A8549275AB44100619D78 /* Release */ = {
			isa = XCBuildConfiguration;
			buildSettings = {
				ALWAYS_SEARCH_USER_PATHS = NO;
				CLANG_ANALYZER_NONNULL = YES;
				CLANG_ANALYZER_NUMBER_OBJECT_CONVERSION = YES_AGGRESSIVE;
				CLANG_CXX_LANGUAGE_STANDARD = "gnu++14";
				CLANG_CXX_LIBRARY = "libc++";
				CLANG_ENABLE_MODULES = YES;
				CLANG_ENABLE_OBJC_ARC = YES;
				CLANG_ENABLE_OBJC_WEAK = YES;
				CLANG_WARN_BLOCK_CAPTURE_AUTORELEASING = YES;
				CLANG_WARN_BOOL_CONVERSION = YES;
				CLANG_WARN_COMMA = YES;
				CLANG_WARN_CONSTANT_CONVERSION = YES;
				CLANG_WARN_DEPRECATED_OBJC_IMPLEMENTATIONS = YES;
				CLANG_WARN_DIRECT_OBJC_ISA_USAGE = YES_ERROR;
				CLANG_WARN_DOCUMENTATION_COMMENTS = YES;
				CLANG_WARN_EMPTY_BODY = YES;
				CLANG_WARN_ENUM_CONVERSION = YES;
				CLANG_WARN_INFINITE_RECURSION = YES;
				CLANG_WARN_INT_CONVERSION = YES;
				CLANG_WARN_NON_LITERAL_NULL_CONVERSION = YES;
				CLANG_WARN_OBJC_IMPLICIT_RETAIN_SELF = YES;
				CLANG_WARN_OBJC_LITERAL_CONVERSION = YES;
				CLANG_WARN_OBJC_ROOT_CLASS = YES_ERROR;
				CLANG_WARN_QUOTED_INCLUDE_IN_FRAMEWORK_HEADER = YES;
				CLANG_WARN_RANGE_LOOP_ANALYSIS = YES;
				CLANG_WARN_STRICT_PROTOTYPES = YES;
				CLANG_WARN_SUSPICIOUS_MOVE = YES;
				CLANG_WARN_UNGUARDED_AVAILABILITY = YES_AGGRESSIVE;
				CLANG_WARN_UNREACHABLE_CODE = YES;
				CLANG_WARN__DUPLICATE_METHOD_MATCH = YES;
				COPY_PHASE_STRIP = NO;
				DEBUG_INFORMATION_FORMAT = "dwarf-with-dsym";
				ENABLE_NS_ASSERTIONS = NO;
				ENABLE_STRICT_OBJC_MSGSEND = YES;
				GCC_C_LANGUAGE_STANDARD = gnu11;
				GCC_NO_COMMON_BLOCKS = YES;
				GCC_WARN_64_TO_32_BIT_CONVERSION = YES;
				GCC_WARN_ABOUT_RETURN_TYPE = YES_ERROR;
				GCC_WARN_UNDECLARED_SELECTOR = YES;
				GCC_WARN_UNINITIALIZED_AUTOS = YES_AGGRESSIVE;
				GCC_WARN_UNUSED_FUNCTION = YES;
				GCC_WARN_UNUSED_VARIABLE = YES;
				IPHONEOS_DEPLOYMENT_TARGET = 14.4;
				MTL_ENABLE_DEBUG_INFO = NO;
				MTL_FAST_MATH = YES;
				SDKROOT = iphoneos;
				SWIFT_COMPILATION_MODE = wholemodule;
				SWIFT_OPTIMIZATION_LEVEL = "-O";
				VALIDATE_PRODUCT = YES;
			};
			name = Release;
		};
		A55A854B275AB44100619D78 /* Debug */ = {
			isa = XCBuildConfiguration;
			baseConfigurationReference = 58165ABA805FD4B28C2EC26D /* Pods-WhereU..debug.xcconfig */;
			buildSettings = {
				ASSETCATALOG_COMPILER_APPICON_NAME = AppIcon;
				ASSETCATALOG_COMPILER_GLOBAL_ACCENT_COLOR_NAME = AccentColor;
				CODE_SIGN_STYLE = Automatic;
				INFOPLIST_FILE = WhereU./Info.plist;
				LD_RUNPATH_SEARCH_PATHS = (
					"$(inherited)",
					"@executable_path/Frameworks",
				);
				PRODUCT_BUNDLE_IDENTIFIER = "com.berupu.WhereU-";
				PRODUCT_NAME = "$(TARGET_NAME)";
				SWIFT_VERSION = 5.0;
				TARGETED_DEVICE_FAMILY = "1,2";
			};
			name = Debug;
		};
		A55A854C275AB44100619D78 /* Release */ = {
			isa = XCBuildConfiguration;
			baseConfigurationReference = 1CF14F7BE8D5453DD77B6A4C /* Pods-WhereU..release.xcconfig */;
			buildSettings = {
				ASSETCATALOG_COMPILER_APPICON_NAME = AppIcon;
				ASSETCATALOG_COMPILER_GLOBAL_ACCENT_COLOR_NAME = AccentColor;
				CODE_SIGN_STYLE = Automatic;
				INFOPLIST_FILE = WhereU./Info.plist;
				LD_RUNPATH_SEARCH_PATHS = (
					"$(inherited)",
					"@executable_path/Frameworks",
				);
				PRODUCT_BUNDLE_IDENTIFIER = "com.berupu.WhereU-";
				PRODUCT_NAME = "$(TARGET_NAME)";
				SWIFT_VERSION = 5.0;
				TARGETED_DEVICE_FAMILY = "1,2";
			};
			name = Release;
		};
/* End XCBuildConfiguration section */

/* Begin XCConfigurationList section */
		A55A8531275AB44000619D78 /* Build configuration list for PBXProject "WhereU." */ = {
			isa = XCConfigurationList;
			buildConfigurations = (
				A55A8548275AB44100619D78 /* Debug */,
				A55A8549275AB44100619D78 /* Release */,
			);
			defaultConfigurationIsVisible = 0;
			defaultConfigurationName = Release;
		};
		A55A854A275AB44100619D78 /* Build configuration list for PBXNativeTarget "WhereU." */ = {
			isa = XCConfigurationList;
			buildConfigurations = (
				A55A854B275AB44100619D78 /* Debug */,
				A55A854C275AB44100619D78 /* Release */,
			);
			defaultConfigurationIsVisible = 0;
			defaultConfigurationName = Release;
		};
/* End XCConfigurationList section */
	};
	rootObject = A55A852E275AB44000619D78 /* Project object */;
}
